// !$*UTF8*$!
{
	archiveVersion = 1;
	classes = {
	};
	objectVersion = 50;
	objects = {

/* Begin PBXBuildFile section */
		6913DEBC26DF7CB30039C781 /* AppDelegate.swift in Sources */ = {isa = PBXBuildFile; fileRef = 6913DEBB26DF7CB30039C781 /* AppDelegate.swift */; };
		6913DEBE26DF7CB30039C781 /* SceneDelegate.swift in Sources */ = {isa = PBXBuildFile; fileRef = 6913DEBD26DF7CB30039C781 /* SceneDelegate.swift */; };
		6913DEC026DF7CB30039C781 /* ViewController.swift in Sources */ = {isa = PBXBuildFile; fileRef = 6913DEBF26DF7CB30039C781 /* ViewController.swift */; };
		6913DEC326DF7CB30039C781 /* Main.storyboard in Resources */ = {isa = PBXBuildFile; fileRef = 6913DEC126DF7CB30039C781 /* Main.storyboard */; };
		6913DEC626DF7CB30039C781 /* iosStudy.xcdatamodeld in Sources */ = {isa = PBXBuildFile; fileRef = 6913DEC426DF7CB30039C781 /* iosStudy.xcdatamodeld */; };
		6913DEC826DF7CB40039C781 /* Assets.xcassets in Resources */ = {isa = PBXBuildFile; fileRef = 6913DEC726DF7CB40039C781 /* Assets.xcassets */; };
		6913DECB26DF7CB40039C781 /* LaunchScreen.storyboard in Resources */ = {isa = PBXBuildFile; fileRef = 6913DEC926DF7CB40039C781 /* LaunchScreen.storyboard */; };
		6913DED626DF7CB40039C781 /* iosStudyTests.swift in Sources */ = {isa = PBXBuildFile; fileRef = 6913DED526DF7CB40039C781 /* iosStudyTests.swift */; };
		6913DEE126DF7CB40039C781 /* iosStudyUITests.swift in Sources */ = {isa = PBXBuildFile; fileRef = 6913DEE026DF7CB40039C781 /* iosStudyUITests.swift */; };
/* End PBXBuildFile section */

/* Begin PBXContainerItemProxy section */
		6913DED226DF7CB40039C781 /* PBXContainerItemProxy */ = {
			isa = PBXContainerItemProxy;
			containerPortal = 6913DEB026DF7CB30039C781 /* Project object */;
			proxyType = 1;
			remoteGlobalIDString = 6913DEB726DF7CB30039C781;
			remoteInfo = iosStudy;
		};
		6913DEDD26DF7CB40039C781 /* PBXContainerItemProxy */ = {
			isa = PBXContainerItemProxy;
			containerPortal = 6913DEB026DF7CB30039C781 /* Project object */;
			proxyType = 1;
			remoteGlobalIDString = 6913DEB726DF7CB30039C781;
			remoteInfo = iosStudy;
		};
/* End PBXContainerItemProxy section */

/* Begin PBXFileReference section */
		6913DEB826DF7CB30039C781 /* iosStudy.app */ = {isa = PBXFileReference; explicitFileType = wrapper.application; includeInIndex = 0; path = iosStudy.app; sourceTree = BUILT_PRODUCTS_DIR; };
		6913DEBB26DF7CB30039C781 /* AppDelegate.swift */ = {isa = PBXFileReference; lastKnownFileType = sourcecode.swift; path = AppDelegate.swift; sourceTree = "<group>"; };
		6913DEBD26DF7CB30039C781 /* SceneDelegate.swift */ = {isa = PBXFileReference; lastKnownFileType = sourcecode.swift; path = SceneDelegate.swift; sourceTree = "<group>"; };
		6913DEBF26DF7CB30039C781 /* ViewController.swift */ = {isa = PBXFileReference; lastKnownFileType = sourcecode.swift; path = ViewController.swift; sourceTree = "<group>"; };
		6913DEC226DF7CB30039C781 /* Base */ = {isa = PBXFileReference; lastKnownFileType = file.storyboard; name = Base; path = Base.lproj/Main.storyboard; sourceTree = "<group>"; };
		6913DEC526DF7CB30039C781 /* iosStudy.xcdatamodel */ = {isa = PBXFileReference; lastKnownFileType = wrapper.xcdatamodel; path = iosStudy.xcdatamodel; sourceTree = "<group>"; };
		6913DEC726DF7CB40039C781 /* Assets.xcassets */ = {isa = PBXFileReference; lastKnownFileType = folder.assetcatalog; path = Assets.xcassets; sourceTree = "<group>"; };
		6913DECA26DF7CB40039C781 /* Base */ = {isa = PBXFileReference; lastKnownFileType = file.storyboard; name = Base; path = Base.lproj/LaunchScreen.storyboard; sourceTree = "<group>"; };
		6913DECC26DF7CB40039C781 /* Info.plist */ = {isa = PBXFileReference; lastKnownFileType = text.plist.xml; path = Info.plist; sourceTree = "<group>"; };
		6913DED126DF7CB40039C781 /* iosStudyTests.xctest */ = {isa = PBXFileReference; explicitFileType = wrapper.cfbundle; includeInIndex = 0; path = iosStudyTests.xctest; sourceTree = BUILT_PRODUCTS_DIR; };
		6913DED526DF7CB40039C781 /* iosStudyTests.swift */ = {isa = PBXFileReference; lastKnownFileType = sourcecode.swift; path = iosStudyTests.swift; sourceTree = "<group>"; };
		6913DED726DF7CB40039C781 /* Info.plist */ = {isa = PBXFileReference; lastKnownFileType = text.plist.xml; path = Info.plist; sourceTree = "<group>"; };
		6913DEDC26DF7CB40039C781 /* iosStudyUITests.xctest */ = {isa = PBXFileReference; explicitFileType = wrapper.cfbundle; includeInIndex = 0; path = iosStudyUITests.xctest; sourceTree = BUILT_PRODUCTS_DIR; };
		6913DEE026DF7CB40039C781 /* iosStudyUITests.swift */ = {isa = PBXFileReference; lastKnownFileType = sourcecode.swift; path = iosStudyUITests.swift; sourceTree = "<group>"; };
		6913DEE226DF7CB40039C781 /* Info.plist */ = {isa = PBXFileReference; lastKnownFileType = text.plist.xml; path = Info.plist; sourceTree = "<group>"; };
/* End PBXFileReference section */

/* Begin PBXFrameworksBuildPhase section */
		6913DEB526DF7CB30039C781 /* Frameworks */ = {
			isa = PBXFrameworksBuildPhase;
			buildActionMask = 2147483647;
			files = (
			);
			runOnlyForDeploymentPostprocessing = 0;
		};
		6913DECE26DF7CB40039C781 /* Frameworks */ = {
			isa = PBXFrameworksBuildPhase;
			buildActionMask = 2147483647;
			files = (
			);
			runOnlyForDeploymentPostprocessing = 0;
		};
		6913DED926DF7CB40039C781 /* Frameworks */ = {
			isa = PBXFrameworksBuildPhase;
			buildActionMask = 2147483647;
			files = (
			);
			runOnlyForDeploymentPostprocessing = 0;
		};
/* End PBXFrameworksBuildPhase section */

/* Begin PBXGroup section */
		6913DEAF26DF7CB30039C781 = {
			isa = PBXGroup;
			children = (
				6913DEBA26DF7CB30039C781 /* iosStudy */,
				6913DED426DF7CB40039C781 /* iosStudyTests */,
				6913DEDF26DF7CB40039C781 /* iosStudyUITests */,
				6913DEB926DF7CB30039C781 /* Products */,
			);
			sourceTree = "<group>";
		};
		6913DEB926DF7CB30039C781 /* Products */ = {
			isa = PBXGroup;
			children = (
				6913DEB826DF7CB30039C781 /* iosStudy.app */,
				6913DED126DF7CB40039C781 /* iosStudyTests.xctest */,
				6913DEDC26DF7CB40039C781 /* iosStudyUITests.xctest */,
			);
			name = Products;
			sourceTree = "<group>";
		};
		6913DEBA26DF7CB30039C781 /* iosStudy */ = {
			isa = PBXGroup;
			children = (
				6913DEBB26DF7CB30039C781 /* AppDelegate.swift */,
				6913DEBD26DF7CB30039C781 /* SceneDelegate.swift */,
				6913DEBF26DF7CB30039C781 /* ViewController.swift */,
				6913DEC126DF7CB30039C781 /* Main.storyboard */,
				6913DEC726DF7CB40039C781 /* Assets.xcassets */,
				6913DEC926DF7CB40039C781 /* LaunchScreen.storyboard */,
				6913DECC26DF7CB40039C781 /* Info.plist */,
				6913DEC426DF7CB30039C781 /* iosStudy.xcdatamodeld */,
			);
			path = iosStudy;
			sourceTree = "<group>";
		};
		6913DED426DF7CB40039C781 /* iosStudyTests */ = {
			isa = PBXGroup;
			children = (
				6913DED526DF7CB40039C781 /* iosStudyTests.swift */,
				6913DED726DF7CB40039C781 /* Info.plist */,
			);
			path = iosStudyTests;
			sourceTree = "<group>";
		};
		6913DEDF26DF7CB40039C781 /* iosStudyUITests */ = {
			isa = PBXGroup;
			children = (
				6913DEE026DF7CB40039C781 /* iosStudyUITests.swift */,
				6913DEE226DF7CB40039C781 /* Info.plist */,
			);
			path = iosStudyUITests;
			sourceTree = "<group>";
		};
/* End PBXGroup section */

/* Begin PBXNativeTarget section */
		6913DEB726DF7CB30039C781 /* iosStudy */ = {
			isa = PBXNativeTarget;
			buildConfigurationList = 6913DEE526DF7CB40039C781 /* Build configuration list for PBXNativeTarget "iosStudy" */;
			buildPhases = (
				6913DEB426DF7CB30039C781 /* Sources */,
				6913DEB526DF7CB30039C781 /* Frameworks */,
				6913DEB626DF7CB30039C781 /* Resources */,
			);
			buildRules = (
			);
			dependencies = (
			);
			name = iosStudy;
			productName = iosStudy;
			productReference = 6913DEB826DF7CB30039C781 /* iosStudy.app */;
			productType = "com.apple.product-type.application";
		};
		6913DED026DF7CB40039C781 /* iosStudyTests */ = {
			isa = PBXNativeTarget;
			buildConfigurationList = 6913DEE826DF7CB40039C781 /* Build configuration list for PBXNativeTarget "iosStudyTests" */;
			buildPhases = (
				6913DECD26DF7CB40039C781 /* Sources */,
				6913DECE26DF7CB40039C781 /* Frameworks */,
				6913DECF26DF7CB40039C781 /* Resources */,
			);
			buildRules = (
			);
			dependencies = (
				6913DED326DF7CB40039C781 /* PBXTargetDependency */,
			);
			name = iosStudyTests;
			productName = iosStudyTests;
			productReference = 6913DED126DF7CB40039C781 /* iosStudyTests.xctest */;
			productType = "com.apple.product-type.bundle.unit-test";
		};
		6913DEDB26DF7CB40039C781 /* iosStudyUITests */ = {
			isa = PBXNativeTarget;
			buildConfigurationList = 6913DEEB26DF7CB40039C781 /* Build configuration list for PBXNativeTarget "iosStudyUITests" */;
			buildPhases = (
				6913DED826DF7CB40039C781 /* Sources */,
				6913DED926DF7CB40039C781 /* Frameworks */,
				6913DEDA26DF7CB40039C781 /* Resources */,
			);
			buildRules = (
			);
			dependencies = (
				6913DEDE26DF7CB40039C781 /* PBXTargetDependency */,
			);
			name = iosStudyUITests;
			productName = iosStudyUITests;
			productReference = 6913DEDC26DF7CB40039C781 /* iosStudyUITests.xctest */;
			productType = "com.apple.product-type.bundle.ui-testing";
		};
/* End PBXNativeTarget section */

/* Begin PBXProject section */
		6913DEB026DF7CB30039C781 /* Project object */ = {
			isa = PBXProject;
			attributes = {
				LastSwiftUpdateCheck = 1250;
				LastUpgradeCheck = 1250;
				TargetAttributes = {
					6913DEB726DF7CB30039C781 = {
						CreatedOnToolsVersion = 12.5.1;
					};
					6913DED026DF7CB40039C781 = {
						CreatedOnToolsVersion = 12.5.1;
						TestTargetID = 6913DEB726DF7CB30039C781;
					};
					6913DEDB26DF7CB40039C781 = {
						CreatedOnToolsVersion = 12.5.1;
						TestTargetID = 6913DEB726DF7CB30039C781;
					};
				};
			};
			buildConfigurationList = 6913DEB326DF7CB30039C781 /* Build configuration list for PBXProject "iosStudy" */;
			compatibilityVersion = "Xcode 9.3";
			developmentRegion = en;
			hasScannedForEncodings = 0;
			knownRegions = (
				en,
				Base,
			);
			mainGroup = 6913DEAF26DF7CB30039C781;
			productRefGroup = 6913DEB926DF7CB30039C781 /* Products */;
			projectDirPath = "";
			projectRoot = "";
			targets = (
				6913DEB726DF7CB30039C781 /* iosStudy */,
				6913DED026DF7CB40039C781 /* iosStudyTests */,
				6913DEDB26DF7CB40039C781 /* iosStudyUITests */,
			);
		};
/* End PBXProject section */

/* Begin PBXResourcesBuildPhase section */
		6913DEB626DF7CB30039C781 /* Resources */ = {
			isa = PBXResourcesBuildPhase;
			buildActionMask = 2147483647;
			files = (
				6913DECB26DF7CB40039C781 /* LaunchScreen.storyboard in Resources */,
				6913DEC826DF7CB40039C781 /* Assets.xcassets in Resources */,
				6913DEC326DF7CB30039C781 /* Main.storyboard in Resources */,
			);
			runOnlyForDeploymentPostprocessing = 0;
		};
		6913DECF26DF7CB40039C781 /* Resources */ = {
			isa = PBXResourcesBuildPhase;
			buildActionMask = 2147483647;
			files = (
			);
			runOnlyForDeploymentPostprocessing = 0;
		};
		6913DEDA26DF7CB40039C781 /* Resources */ = {
			isa = PBXResourcesBuildPhase;
			buildActionMask = 2147483647;
			files = (
			);
			runOnlyForDeploymentPostprocessing = 0;
		};
/* End PBXResourcesBuildPhase section */

/* Begin PBXSourcesBuildPhase section */
		6913DEB426DF7CB30039C781 /* Sources */ = {
			isa = PBXSourcesBuildPhase;
			buildActionMask = 2147483647;
			files = (
				6913DEC026DF7CB30039C781 /* ViewController.swift in Sources */,
				6913DEC626DF7CB30039C781 /* iosStudy.xcdatamodeld in Sources */,
				6913DEBC26DF7CB30039C781 /* AppDelegate.swift in Sources */,
				6913DEBE26DF7CB30039C781 /* SceneDelegate.swift in Sources */,
			);
			runOnlyForDeploymentPostprocessing = 0;
		};
		6913DECD26DF7CB40039C781 /* Sources */ = {
			isa = PBXSourcesBuildPhase;
			buildActionMask = 2147483647;
			files = (
				6913DED626DF7CB40039C781 /* iosStudyTests.swift in Sources */,
			);
			runOnlyForDeploymentPostprocessing = 0;
		};
		6913DED826DF7CB40039C781 /* Sources */ = {
			isa = PBXSourcesBuildPhase;
			buildActionMask = 2147483647;
			files = (
				6913DEE126DF7CB40039C781 /* iosStudyUITests.swift in Sources */,
			);
			runOnlyForDeploymentPostprocessing = 0;
		};
/* End PBXSourcesBuildPhase section */

/* Begin PBXTargetDependency section */
		6913DED326DF7CB40039C781 /* PBXTargetDependency */ = {
			isa = PBXTargetDependency;
			target = 6913DEB726DF7CB30039C781 /* iosStudy */;
			targetProxy = 6913DED226DF7CB40039C781 /* PBXContainerItemProxy */;
		};
		6913DEDE26DF7CB40039C781 /* PBXTargetDependency */ = {
			isa = PBXTargetDependency;
			target = 6913DEB726DF7CB30039C781 /* iosStudy */;
			targetProxy = 6913DEDD26DF7CB40039C781 /* PBXContainerItemProxy */;
		};
/* End PBXTargetDependency section */

/* Begin PBXVariantGroup section */
		6913DEC126DF7CB30039C781 /* Main.storyboard */ = {
			isa = PBXVariantGroup;
			children = (
				6913DEC226DF7CB30039C781 /* Base */,
			);
			name = Main.storyboard;
			sourceTree = "<group>";
		};
		6913DEC926DF7CB40039C781 /* LaunchScreen.storyboard */ = {
			isa = PBXVariantGroup;
			children = (
				6913DECA26DF7CB40039C781 /* Base */,
			);
			name = LaunchScreen.storyboard;
			sourceTree = "<group>";
		};
/* End PBXVariantGroup section */

/* Begin XCBuildConfiguration section */
		6913DEE326DF7CB40039C781 /* Debug */ = {
			isa = XCBuildConfiguration;
			buildSettings = {
				ALWAYS_SEARCH_USER_PATHS = NO;
				CLANG_ANALYZER_NONNULL = YES;
				CLANG_ANALYZER_NUMBER_OBJECT_CONVERSION = YES_AGGRESSIVE;
				CLANG_CXX_LANGUAGE_STANDARD = "gnu++14";
				CLANG_CXX_LIBRARY = "libc++";
				CLANG_ENABLE_MODULES = YES;
				CLANG_ENABLE_OBJC_ARC = YES;
				CLANG_ENABLE_OBJC_WEAK = YES;
				CLANG_WARN_BLOCK_CAPTURE_AUTORELEASING = YES;
				CLANG_WARN_BOOL_CONVERSION = YES;
				CLANG_WARN_COMMA = YES;
				CLANG_WARN_CONSTANT_CONVERSION = YES;
				CLANG_WARN_DEPRECATED_OBJC_IMPLEMENTATIONS = YES;
				CLANG_WARN_DIRECT_OBJC_ISA_USAGE = YES_ERROR;
				CLANG_WARN_DOCUMENTATION_COMMENTS = YES;
				CLANG_WARN_EMPTY_BODY = YES;
				CLANG_WARN_ENUM_CONVERSION = YES;
				CLANG_WARN_INFINITE_RECURSION = YES;
				CLANG_WARN_INT_CONVERSION = YES;
				CLANG_WARN_NON_LITERAL_NULL_CONVERSION = YES;
				CLANG_WARN_OBJC_IMPLICIT_RETAIN_SELF = YES;
				CLANG_WARN_OBJC_LITERAL_CONVERSION = YES;
				CLANG_WARN_OBJC_ROOT_CLASS = YES_ERROR;
				CLANG_WARN_QUOTED_INCLUDE_IN_FRAMEWORK_HEADER = YES;
				CLANG_WARN_RANGE_LOOP_ANALYSIS = YES;
				CLANG_WARN_STRICT_PROTOTYPES = YES;
				CLANG_WARN_SUSPICIOUS_MOVE = YES;
				CLANG_WARN_UNGUARDED_AVAILABILITY = YES_AGGRESSIVE;
				CLANG_WARN_UNREACHABLE_CODE = YES;
				CLANG_WARN__DUPLICATE_METHOD_MATCH = YES;
				COPY_PHASE_STRIP = NO;
				DEBUG_INFORMATION_FORMAT = dwarf;
				ENABLE_STRICT_OBJC_MSGSEND = YES;
				ENABLE_TESTABILITY = YES;
				GCC_C_LANGUAGE_STANDARD = gnu11;
				GCC_DYNAMIC_NO_PIC = NO;
				GCC_NO_COMMON_BLOCKS = YES;
				GCC_OPTIMIZATION_LEVEL = 0;
				GCC_PREPROCESSOR_DEFINITIONS = (
					"DEBUG=1",
					"$(inherited)",
				);
				GCC_WARN_64_TO_32_BIT_CONVERSION = YES;
				GCC_WARN_ABOUT_RETURN_TYPE = YES_ERROR;
				GCC_WARN_UNDECLARED_SELECTOR = YES;
				GCC_WARN_UNINITIALIZED_AUTOS = YES_AGGRESSIVE;
				GCC_WARN_UNUSED_FUNCTION = YES;
				GCC_WARN_UNUSED_VARIABLE = YES;
				IPHONEOS_DEPLOYMENT_TARGET = 14.5;
				MTL_ENABLE_DEBUG_INFO = INCLUDE_SOURCE;
				MTL_FAST_MATH = YES;
				ONLY_ACTIVE_ARCH = YES;
				SDKROOT = iphoneos;
				SWIFT_ACTIVE_COMPILATION_CONDITIONS = DEBUG;
				SWIFT_OPTIMIZATION_LEVEL = "-Onone";
			};
			name = Debug;
		};
		6913DEE426DF7CB40039C781 /* Release */ = {
			isa = XCBuildConfiguration;
			buildSettings = {
				ALWAYS_SEARCH_USER_PATHS = NO;
				CLANG_ANALYZER_NONNULL = YES;
				CLANG_ANALYZER_NUMBER_OBJECT_CONVERSION = YES_AGGRESSIVE;
				CLANG_CXX_LANGUAGE_STANDARD = "gnu++14";
				CLANG_CXX_LIBRARY = "libc++";
				CLANG_ENABLE_MODULES = YES;
				CLANG_ENABLE_OBJC_ARC = YES;
				CLANG_ENABLE_OBJC_WEAK = YES;
				CLANG_WARN_BLOCK_CAPTURE_AUTORELEASING = YES;
				CLANG_WARN_BOOL_CONVERSION = YES;
				CLANG_WARN_COMMA = YES;
				CLANG_WARN_CONSTANT_CONVERSION = YES;
				CLANG_WARN_DEPRECATED_OBJC_IMPLEMENTATIONS = YES;
				CLANG_WARN_DIRECT_OBJC_ISA_USAGE = YES_ERROR;
				CLANG_WARN_DOCUMENTATION_COMMENTS = YES;
				CLANG_WARN_EMPTY_BODY = YES;
				CLANG_WARN_ENUM_CONVERSION = YES;
				CLANG_WARN_INFINITE_RECURSION = YES;
				CLANG_WARN_INT_CONVERSION = YES;
				CLANG_WARN_NON_LITERAL_NULL_CONVERSION = YES;
				CLANG_WARN_OBJC_IMPLICIT_RETAIN_SELF = YES;
				CLANG_WARN_OBJC_LITERAL_CONVERSION = YES;
				CLANG_WARN_OBJC_ROOT_CLASS = YES_ERROR;
				CLANG_WARN_QUOTED_INCLUDE_IN_FRAMEWORK_HEADER = YES;
				CLANG_WARN_RANGE_LOOP_ANALYSIS = YES;
				CLANG_WARN_STRICT_PROTOTYPES = YES;
				CLANG_WARN_SUSPICIOUS_MOVE = YES;
				CLANG_WARN_UNGUARDED_AVAILABILITY = YES_AGGRESSIVE;
				CLANG_WARN_UNREACHABLE_CODE = YES;
				CLANG_WARN__DUPLICATE_METHOD_MATCH = YES;
				COPY_PHASE_STRIP = NO;
				DEBUG_INFORMATION_FORMAT = "dwarf-with-dsym";
				ENABLE_NS_ASSERTIONS = NO;
				ENABLE_STRICT_OBJC_MSGSEND = YES;
				GCC_C_LANGUAGE_STANDARD = gnu11;
				GCC_NO_COMMON_BLOCKS = YES;
				GCC_WARN_64_TO_32_BIT_CONVERSION = YES;
				GCC_WARN_ABOUT_RETURN_TYPE = YES_ERROR;
				GCC_WARN_UNDECLARED_SELECTOR = YES;
				GCC_WARN_UNINITIALIZED_AUTOS = YES_AGGRESSIVE;
				GCC_WARN_UNUSED_FUNCTION = YES;
				GCC_WARN_UNUSED_VARIABLE = YES;
				IPHONEOS_DEPLOYMENT_TARGET = 14.5;
				MTL_ENABLE_DEBUG_INFO = NO;
				MTL_FAST_MATH = YES;
				SDKROOT = iphoneos;
				SWIFT_COMPILATION_MODE = wholemodule;
				SWIFT_OPTIMIZATION_LEVEL = "-O";
				VALIDATE_PRODUCT = YES;
			};
			name = Release;
		};
		6913DEE626DF7CB40039C781 /* Debug */ = {
			isa = XCBuildConfiguration;
			buildSettings = {
				ASSETCATALOG_COMPILER_APPICON_NAME = AppIcon;
				ASSETCATALOG_COMPILER_GLOBAL_ACCENT_COLOR_NAME = AccentColor;
				CODE_SIGN_STYLE = Automatic;
				INFOPLIST_FILE = iosStudy/Info.plist;
				LD_RUNPATH_SEARCH_PATHS = (
					"$(inherited)",
					"@executable_path/Frameworks",
				);
				PRODUCT_BUNDLE_IDENTIFIER = com.studyCompany.iosStudy;
				PRODUCT_NAME = "$(TARGET_NAME)";
				SWIFT_VERSION = 5.0;
				TARGETED_DEVICE_FAMILY = "1,2";
			};
			name = Debug;
		};
		6913DEE726DF7CB40039C781 /* Release */ = {
			isa = XCBuildConfiguration;
			buildSettings = {
				ASSETCATALOG_COMPILER_APPICON_NAME = AppIcon;
				ASSETCATALOG_COMPILER_GLOBAL_ACCENT_COLOR_NAME = AccentColor;
				CODE_SIGN_STYLE = Automatic;
				INFOPLIST_FILE = iosStudy/Info.plist;
				LD_RUNPATH_SEARCH_PATHS = (
					"$(inherited)",
					"@executable_path/Frameworks",
				);
				PRODUCT_BUNDLE_IDENTIFIER = com.studyCompany.iosStudy;
				PRODUCT_NAME = "$(TARGET_NAME)";
				SWIFT_VERSION = 5.0;
				TARGETED_DEVICE_FAMILY = "1,2";
			};
			name = Release;
		};
		6913DEE926DF7CB40039C781 /* Debug */ = {
			isa = XCBuildConfiguration;
			buildSettings = {
				ALWAYS_EMBED_SWIFT_STANDARD_LIBRARIES = YES;
				BUNDLE_LOADER = "$(TEST_HOST)";
				CODE_SIGN_STYLE = Automatic;
				INFOPLIST_FILE = iosStudyTests/Info.plist;
				IPHONEOS_DEPLOYMENT_TARGET = 14.5;
				LD_RUNPATH_SEARCH_PATHS = (
					"$(inherited)",
					"@executable_path/Frameworks",
					"@loader_path/Frameworks",
				);
				PRODUCT_BUNDLE_IDENTIFIER = com.studyCompany.iosStudyTests;
				PRODUCT_NAME = "$(TARGET_NAME)";
				SWIFT_VERSION = 5.0;
				TARGETED_DEVICE_FAMILY = "1,2";
				TEST_HOST = "$(BUILT_PRODUCTS_DIR)/iosStudy.app/iosStudy";
			};
			name = Debug;
		};
		6913DEEA26DF7CB40039C781 /* Release */ = {
			isa = XCBuildConfiguration;
			buildSettings = {
				ALWAYS_EMBED_SWIFT_STANDARD_LIBRARIES = YES;
				BUNDLE_LOADER = "$(TEST_HOST)";
				CODE_SIGN_STYLE = Automatic;
				INFOPLIST_FILE = iosStudyTests/Info.plist;
				IPHONEOS_DEPLOYMENT_TARGET = 14.5;
				LD_RUNPATH_SEARCH_PATHS = (
					"$(inherited)",
					"@executable_path/Frameworks",
					"@loader_path/Frameworks",
				);
				PRODUCT_BUNDLE_IDENTIFIER = com.studyCompany.iosStudyTests;
				PRODUCT_NAME = "$(TARGET_NAME)";
				SWIFT_VERSION = 5.0;
				TARGETED_DEVICE_FAMILY = "1,2";
				TEST_HOST = "$(BUILT_PRODUCTS_DIR)/iosStudy.app/iosStudy";
			};
			name = Release;
		};
		6913DEEC26DF7CB40039C781 /* Debug */ = {
			isa = XCBuildConfiguration;
			buildSettings = {
				ALWAYS_EMBED_SWIFT_STANDARD_LIBRARIES = YES;
				CODE_SIGN_STYLE = Automatic;
				INFOPLIST_FILE = iosStudyUITests/Info.plist;
				LD_RUNPATH_SEARCH_PATHS = (
					"$(inherited)",
					"@executable_path/Frameworks",
					"@loader_path/Frameworks",
				);
				PRODUCT_BUNDLE_IDENTIFIER = com.studyCompany.iosStudyUITests;
				PRODUCT_NAME = "$(TARGET_NAME)";
				SWIFT_VERSION = 5.0;
				TARGETED_DEVICE_FAMILY = "1,2";
				TEST_TARGET_NAME = iosStudy;
			};
			name = Debug;
		};
		6913DEED26DF7CB40039C781 /* Release */ = {
			isa = XCBuildConfiguration;
			buildSettings = {
				ALWAYS_EMBED_SWIFT_STANDARD_LIBRARIES = YES;
				CODE_SIGN_STYLE = Automatic;
				INFOPLIST_FILE = iosStudyUITests/Info.plist;
				LD_RUNPATH_SEARCH_PATHS = (
					"$(inherited)",
					"@executable_path/Frameworks",
					"@loader_path/Frameworks",
				);
				PRODUCT_BUNDLE_IDENTIFIER = com.studyCompany.iosStudyUITests;
				PRODUCT_NAME = "$(TARGET_NAME)";
				SWIFT_VERSION = 5.0;
				TARGETED_DEVICE_FAMILY = "1,2";
				TEST_TARGET_NAME = iosStudy;
			};
			name = Release;
		};
/* End XCBuildConfiguration section */

/* Begin XCConfigurationList section */
		6913DEB326DF7CB30039C781 /* Build configuration list for PBXProject "iosStudy" */ = {
			isa = XCConfigurationList;
			buildConfigurations = (
				6913DEE326DF7CB40039C781 /* Debug */,
				6913DEE426DF7CB40039C781 /* Release */,
			);
			defaultConfigurationIsVisible = 0;
			defaultConfigurationName = Release;
		};
		6913DEE526DF7CB40039C781 /* Build configuration list for PBXNativeTarget "iosStudy" */ = {
			isa = XCConfigurationList;
			buildConfigurations = (
				6913DEE626DF7CB40039C781 /* Debug */,
				6913DEE726DF7CB40039C781 /* Release */,
			);
			defaultConfigurationIsVisible = 0;
			defaultConfigurationName = Release;
		};
		6913DEE826DF7CB40039C781 /* Build configuration list for PBXNativeTarget "iosStudyTests" */ = {
			isa = XCConfigurationList;
			buildConfigurations = (
				6913DEE926DF7CB40039C781 /* Debug */,
				6913DEEA26DF7CB40039C781 /* Release */,
			);
			defaultConfigurationIsVisible = 0;
			defaultConfigurationName = Release;
		};
		6913DEEB26DF7CB40039C781 /* Build configuration list for PBXNativeTarget "iosStudyUITests" */ = {
			isa = XCConfigurationList;
			buildConfigurations = (
				6913DEEC26DF7CB40039C781 /* Debug */,
				6913DEED26DF7CB40039C781 /* Release */,
			);
			defaultConfigurationIsVisible = 0;
			defaultConfigurationName = Release;
		};
/* End XCConfigurationList section */

/* Begin XCVersionGroup section */
		6913DEC426DF7CB30039C781 /* iosStudy.xcdatamodeld */ = {
			isa = XCVersionGroup;
			children = (
				6913DEC526DF7CB30039C781 /* iosStudy.xcdatamodel */,
			);
			currentVersion = 6913DEC526DF7CB30039C781 /* iosStudy.xcdatamodel */;
			path = iosStudy.xcdatamodeld;
			sourceTree = "<group>";
			versionGroupType = wrapper.xcdatamodel;
		};
/* End XCVersionGroup section */
	};
	rootObject = 6913DEB026DF7CB30039C781 /* Project object */;
}
